
Microsoft Visual Studio Solution File, Format Version 12.00
# Visual Studio Version 16
VisualStudioVersion = 16.0.30717.126
MinimumVisualStudioVersion = 10.0.40219.1
Project("{FAE04EC0-301F-11D3-BF4B-00C04F79EFBC}") = "LC", "LC\LC.csproj", "{B35C16E6-C95D-4E0D-A931-0FE1BD8F36EB}"
EndProject
Global
	GlobalSection(SolutionConfigurationPlatforms) = preSolution
		Debug|Any CPU = Debug|Any CPU
		Release|Any CPU = Release|Any CPU
	EndGlobalSection
	GlobalSection(ProjectConfigurationPlatforms) = postSolution
		{B35C16E6-C95D-4E0D-A931-0FE1BD8F36EB}.Debug|Any CPU.ActiveCfg = Debug|Any CPU
		{B35C16E6-C95D-4E0D-A931-0FE1BD8F36EB}.Debug|Any CPU.Build.0 = Debug|Any CPU
		{B35C16E6-C95D-4E0D-A931-0FE1BD8F36EB}.Release|Any CPU.ActiveCfg = Release|Any CPU
		{B35C16E6-C95D-4E0D-A931-0FE1BD8F36EB}.Release|Any CPU.Build.0 = Release|Any CPU
	EndGlobalSection
	GlobalSection(SolutionProperties) = preSolution
		HideSolutionNode = FALSE
	EndGlobalSection
	GlobalSection(ExtensibilityGlobals) = postSolution
		SolutionGuid = {A74C7991-658D-4068-9B41-D94446CEC6D3}
	EndGlobalSection
EndGlobal
